
Microsoft Visual Studio Solution File, Format Version 12.00
Project("{FAE04EC0-301F-11D3-BF4B-00C04F79EFBC}") = "WebApp", "WebApp\WebApp.csproj", "{01FECEEC-A005-478F-82CE-C8FB9C0C35D2}"
EndProject
Project("{2150E333-8FDC-42A3-9474-1A3956D46DE8}") = "App", "App", "{CFC6376F-E563-4688-8E1E-06F0AE515AEA}"
EndProject
Project("{FAE04EC0-301F-11D3-BF4B-00C04F79EFBC}") = "Domain.App", "Domain.App\Domain.App.csproj", "{5DEFFBCB-F460-4338-926A-0CB0A8AD7AD8}"
EndProject
Project("{2150E333-8FDC-42A3-9474-1A3956D46DE8}") = "Base", "Base", "{97B1ED46-59C1-4229-B6D1-0B7B7B1A828C}"
EndProject
Project("{FAE04EC0-301F-11D3-BF4B-00C04F79EFBC}") = "Domain.Base", "Base\Domain.Base\Domain.Base.csproj", "{D7A795A5-7DD2-4405-B82F-A82E40082260}"
EndProject
Project("{FAE04EC0-301F-11D3-BF4B-00C04F79EFBC}") = "Contracts.Domain.Base", "Base\Contracts.Domain.Base\Contracts.Domain.Base.csproj", "{72538783-A0B6-4294-9735-BC0EE7BB56E9}"
EndProject
Project("{FAE04EC0-301F-11D3-BF4B-00C04F79EFBC}") = "DAL.App.EF", "DAL.App.EF\DAL.App.EF.csproj", "{37F7BE4E-5029-442C-BF3B-79784B9DE4EF}"
EndProject
Project("{FAE04EC0-301F-11D3-BF4B-00C04F79EFBC}") = "Contracts.DAL.Base", "Base\Contracts.DAL.Base\Contracts.DAL.Base.csproj", "{417D9222-31D8-4661-9CBE-C8C0FE9EBD72}"
EndProject
Project("{FAE04EC0-301F-11D3-BF4B-00C04F79EFBC}") = "DAL.Base.EF", "Base\DAL.Base.EF\DAL.Base.EF.csproj", "{A2C67450-67DF-41B1-BED7-5D901B14D0A9}"
EndProject
Project("{FAE04EC0-301F-11D3-BF4B-00C04F79EFBC}") = "Contracts.DAL.App", "Contracts.DAL.App\Contracts.DAL.App.csproj", "{A8ED1042-45A3-440B-B793-BF907064432B}"
EndProject
Global
	GlobalSection(SolutionConfigurationPlatforms) = preSolution
		Debug|Any CPU = Debug|Any CPU
		Release|Any CPU = Release|Any CPU
	EndGlobalSection
	GlobalSection(ProjectConfigurationPlatforms) = postSolution
		{01FECEEC-A005-478F-82CE-C8FB9C0C35D2}.Debug|Any CPU.ActiveCfg = Debug|Any CPU
		{01FECEEC-A005-478F-82CE-C8FB9C0C35D2}.Debug|Any CPU.Build.0 = Debug|Any CPU
		{01FECEEC-A005-478F-82CE-C8FB9C0C35D2}.Release|Any CPU.ActiveCfg = Release|Any CPU
		{01FECEEC-A005-478F-82CE-C8FB9C0C35D2}.Release|Any CPU.Build.0 = Release|Any CPU
		{5DEFFBCB-F460-4338-926A-0CB0A8AD7AD8}.Debug|Any CPU.ActiveCfg = Debug|Any CPU
		{5DEFFBCB-F460-4338-926A-0CB0A8AD7AD8}.Debug|Any CPU.Build.0 = Debug|Any CPU
		{5DEFFBCB-F460-4338-926A-0CB0A8AD7AD8}.Release|Any CPU.ActiveCfg = Release|Any CPU
		{5DEFFBCB-F460-4338-926A-0CB0A8AD7AD8}.Release|Any CPU.Build.0 = Release|Any CPU
		{D7A795A5-7DD2-4405-B82F-A82E40082260}.Debug|Any CPU.ActiveCfg = Debug|Any CPU
		{D7A795A5-7DD2-4405-B82F-A82E40082260}.Debug|Any CPU.Build.0 = Debug|Any CPU
		{D7A795A5-7DD2-4405-B82F-A82E40082260}.Release|Any CPU.ActiveCfg = Release|Any CPU
		{D7A795A5-7DD2-4405-B82F-A82E40082260}.Release|Any CPU.Build.0 = Release|Any CPU
		{72538783-A0B6-4294-9735-BC0EE7BB56E9}.Debug|Any CPU.ActiveCfg = Debug|Any CPU
		{72538783-A0B6-4294-9735-BC0EE7BB56E9}.Debug|Any CPU.Build.0 = Debug|Any CPU
		{72538783-A0B6-4294-9735-BC0EE7BB56E9}.Release|Any CPU.ActiveCfg = Release|Any CPU
		{72538783-A0B6-4294-9735-BC0EE7BB56E9}.Release|Any CPU.Build.0 = Release|Any CPU
		{37F7BE4E-5029-442C-BF3B-79784B9DE4EF}.Debug|Any CPU.ActiveCfg = Debug|Any CPU
		{37F7BE4E-5029-442C-BF3B-79784B9DE4EF}.Debug|Any CPU.Build.0 = Debug|Any CPU
		{37F7BE4E-5029-442C-BF3B-79784B9DE4EF}.Release|Any CPU.ActiveCfg = Release|Any CPU
		{37F7BE4E-5029-442C-BF3B-79784B9DE4EF}.Release|Any CPU.Build.0 = Release|Any CPU
		{417D9222-31D8-4661-9CBE-C8C0FE9EBD72}.Debug|Any CPU.ActiveCfg = Debug|Any CPU
		{417D9222-31D8-4661-9CBE-C8C0FE9EBD72}.Debug|Any CPU.Build.0 = Debug|Any CPU
		{417D9222-31D8-4661-9CBE-C8C0FE9EBD72}.Release|Any CPU.ActiveCfg = Release|Any CPU
		{417D9222-31D8-4661-9CBE-C8C0FE9EBD72}.Release|Any CPU.Build.0 = Release|Any CPU
		{A2C67450-67DF-41B1-BED7-5D901B14D0A9}.Debug|Any CPU.ActiveCfg = Debug|Any CPU
		{A2C67450-67DF-41B1-BED7-5D901B14D0A9}.Debug|Any CPU.Build.0 = Debug|Any CPU
		{A2C67450-67DF-41B1-BED7-5D901B14D0A9}.Release|Any CPU.ActiveCfg = Release|Any CPU
		{A2C67450-67DF-41B1-BED7-5D901B14D0A9}.Release|Any CPU.Build.0 = Release|Any CPU
		{A8ED1042-45A3-440B-B793-BF907064432B}.Debug|Any CPU.ActiveCfg = Debug|Any CPU
		{A8ED1042-45A3-440B-B793-BF907064432B}.Debug|Any CPU.Build.0 = Debug|Any CPU
		{A8ED1042-45A3-440B-B793-BF907064432B}.Release|Any CPU.ActiveCfg = Release|Any CPU
		{A8ED1042-45A3-440B-B793-BF907064432B}.Release|Any CPU.Build.0 = Release|Any CPU
	EndGlobalSection
	GlobalSection(NestedProjects) = preSolution
		{01FECEEC-A005-478F-82CE-C8FB9C0C35D2} = {CFC6376F-E563-4688-8E1E-06F0AE515AEA}
		{5DEFFBCB-F460-4338-926A-0CB0A8AD7AD8} = {CFC6376F-E563-4688-8E1E-06F0AE515AEA}
		{D7A795A5-7DD2-4405-B82F-A82E40082260} = {97B1ED46-59C1-4229-B6D1-0B7B7B1A828C}
		{72538783-A0B6-4294-9735-BC0EE7BB56E9} = {97B1ED46-59C1-4229-B6D1-0B7B7B1A828C}
		{37F7BE4E-5029-442C-BF3B-79784B9DE4EF} = {CFC6376F-E563-4688-8E1E-06F0AE515AEA}
		{417D9222-31D8-4661-9CBE-C8C0FE9EBD72} = {97B1ED46-59C1-4229-B6D1-0B7B7B1A828C}
		{A2C67450-67DF-41B1-BED7-5D901B14D0A9} = {97B1ED46-59C1-4229-B6D1-0B7B7B1A828C}
		{A8ED1042-45A3-440B-B793-BF907064432B} = {CFC6376F-E563-4688-8E1E-06F0AE515AEA}
	EndGlobalSection
EndGlobal
