
Microsoft Visual Studio Solution File, Format Version 12.00
Project("{FAE04EC0-301F-11D3-BF4B-00C04F79EFBC}") = "WebApp", "WebApp\WebApp.csproj", "{01FECEEC-A005-478F-82CE-C8FB9C0C35D2}"
EndProject
Project("{2150E333-8FDC-42A3-9474-1A3956D46DE8}") = "App", "App", "{CFC6376F-E563-4688-8E1E-06F0AE515AEA}"
EndProject
Project("{FAE04EC0-301F-11D3-BF4B-00C04F79EFBC}") = "Domain.App", "Domain.App\Domain.App.csproj", "{5DEFFBCB-F460-4338-926A-0CB0A8AD7AD8}"
EndProject
Project("{2150E333-8FDC-42A3-9474-1A3956D46DE8}") = "Base", "Base", "{97B1ED46-59C1-4229-B6D1-0B7B7B1A828C}"
EndProject
Project("{FAE04EC0-301F-11D3-BF4B-00C04F79EFBC}") = "Domain.Base", "Base\Domain.Base\Domain.Base.csproj", "{D7A795A5-7DD2-4405-B82F-A82E40082260}"
EndProject
Project("{FAE04EC0-301F-11D3-BF4B-00C04F79EFBC}") = "Contracts.Domain.Base", "Base\Contracts.Domain.Base\Contracts.Domain.Base.csproj", "{72538783-A0B6-4294-9735-BC0EE7BB56E9}"
EndProject
Project("{FAE04EC0-301F-11D3-BF4B-00C04F79EFBC}") = "DAL.App.EF", "DAL.App.EF\DAL.App.EF.csproj", "{37F7BE4E-5029-442C-BF3B-79784B9DE4EF}"
EndProject
Project("{FAE04EC0-301F-11D3-BF4B-00C04F79EFBC}") = "Contracts.DAL.Base", "Base\Contracts.DAL.Base\Contracts.DAL.Base.csproj", "{417D9222-31D8-4661-9CBE-C8C0FE9EBD72}"
EndProject
Project("{FAE04EC0-301F-11D3-BF4B-00C04F79EFBC}") = "DAL.Base.EF", "Base\DAL.Base.EF\DAL.Base.EF.csproj", "{A2C67450-67DF-41B1-BED7-5D901B14D0A9}"
EndProject
Project("{FAE04EC0-301F-11D3-BF4B-00C04F79EFBC}") = "Contracts.DAL.App", "Contracts.DAL.App\Contracts.DAL.App.csproj", "{A8ED1042-45A3-440B-B793-BF907064432B}"
EndProject
Project("{FAE04EC0-301F-11D3-BF4B-00C04F79EFBC}") = "DAL.Base", "Base\DAL.Base\DAL.Base.csproj", "{5C13084A-B11D-4F38-BCDD-BA480D74F04C}"
EndProject
Project("{FAE04EC0-301F-11D3-BF4B-00C04F79EFBC}") = "Extensions.Base", "Base\Extensions.Base\Extensions.Base.csproj", "{9B02AF62-0573-469A-A555-FD1871CB1DDB}"
EndProject
Project("{FAE04EC0-301F-11D3-BF4B-00C04F79EFBC}") = "DTO.App", "DTO.App\DTO.App.csproj", "{EF4997E1-24EA-4497-9986-C833FA85E039}"
EndProject
Project("{FAE04EC0-301F-11D3-BF4B-00C04F79EFBC}") = "Contracts.BLL.Base", "Base\Contracts.BLL.Base\Contracts.BLL.Base.csproj", "{1FF2EAAF-3AA0-46FE-A8F6-17067B9E41D8}"
EndProject
Project("{FAE04EC0-301F-11D3-BF4B-00C04F79EFBC}") = "BLL.Base", "Base\BLL.Base\BLL.Base.csproj", "{4A8B62F2-5E6C-415D-82E9-3978FC142DAB}"
EndProject
Project("{FAE04EC0-301F-11D3-BF4B-00C04F79EFBC}") = "Contracts.BLL.App", "Contracts.BLL.App\Contracts.BLL.App.csproj", "{4FCEAFE0-7E68-4921-A1F2-1B7F108CFC7E}"
EndProject
Project("{FAE04EC0-301F-11D3-BF4B-00C04F79EFBC}") = "BLL.App", "BLL.App\BLL.App.csproj", "{7C7295EC-A40E-4DBD-901F-8295FDB7A11F}"
EndProject
Project("{FAE04EC0-301F-11D3-BF4B-00C04F79EFBC}") = "DAL.App.DTO", "DAL.App.DTO\DAL.App.DTO.csproj", "{EB362345-EA48-4001-903F-1050FB0074FD}"
EndProject
Project("{FAE04EC0-301F-11D3-BF4B-00C04F79EFBC}") = "BLL.App.DTO", "BLL.App.DTO\BLL.App.DTO.csproj", "{6AE29F04-2389-401B-9C02-8D47F032F7C9}"
EndProject
Project("{FAE04EC0-301F-11D3-BF4B-00C04F79EFBC}") = "PublicApi.DTO.v1", "PublicApi.DTO.v1\PublicApi.DTO.v1.csproj", "{5966D627-1D6A-4AE0-A799-868C4380516B}"
EndProject
Global
	GlobalSection(SolutionConfigurationPlatforms) = preSolution
		Debug|Any CPU = Debug|Any CPU
		Release|Any CPU = Release|Any CPU
	EndGlobalSection
	GlobalSection(ProjectConfigurationPlatforms) = postSolution
		{01FECEEC-A005-478F-82CE-C8FB9C0C35D2}.Debug|Any CPU.ActiveCfg = Debug|Any CPU
		{01FECEEC-A005-478F-82CE-C8FB9C0C35D2}.Debug|Any CPU.Build.0 = Debug|Any CPU
		{01FECEEC-A005-478F-82CE-C8FB9C0C35D2}.Release|Any CPU.ActiveCfg = Release|Any CPU
		{01FECEEC-A005-478F-82CE-C8FB9C0C35D2}.Release|Any CPU.Build.0 = Release|Any CPU
		{5DEFFBCB-F460-4338-926A-0CB0A8AD7AD8}.Debug|Any CPU.ActiveCfg = Debug|Any CPU
		{5DEFFBCB-F460-4338-926A-0CB0A8AD7AD8}.Debug|Any CPU.Build.0 = Debug|Any CPU
		{5DEFFBCB-F460-4338-926A-0CB0A8AD7AD8}.Release|Any CPU.ActiveCfg = Release|Any CPU
		{5DEFFBCB-F460-4338-926A-0CB0A8AD7AD8}.Release|Any CPU.Build.0 = Release|Any CPU
		{D7A795A5-7DD2-4405-B82F-A82E40082260}.Debug|Any CPU.ActiveCfg = Debug|Any CPU
		{D7A795A5-7DD2-4405-B82F-A82E40082260}.Debug|Any CPU.Build.0 = Debug|Any CPU
		{D7A795A5-7DD2-4405-B82F-A82E40082260}.Release|Any CPU.ActiveCfg = Release|Any CPU
		{D7A795A5-7DD2-4405-B82F-A82E40082260}.Release|Any CPU.Build.0 = Release|Any CPU
		{72538783-A0B6-4294-9735-BC0EE7BB56E9}.Debug|Any CPU.ActiveCfg = Debug|Any CPU
		{72538783-A0B6-4294-9735-BC0EE7BB56E9}.Debug|Any CPU.Build.0 = Debug|Any CPU
		{72538783-A0B6-4294-9735-BC0EE7BB56E9}.Release|Any CPU.ActiveCfg = Release|Any CPU
		{72538783-A0B6-4294-9735-BC0EE7BB56E9}.Release|Any CPU.Build.0 = Release|Any CPU
		{37F7BE4E-5029-442C-BF3B-79784B9DE4EF}.Debug|Any CPU.ActiveCfg = Debug|Any CPU
		{37F7BE4E-5029-442C-BF3B-79784B9DE4EF}.Debug|Any CPU.Build.0 = Debug|Any CPU
		{37F7BE4E-5029-442C-BF3B-79784B9DE4EF}.Release|Any CPU.ActiveCfg = Release|Any CPU
		{37F7BE4E-5029-442C-BF3B-79784B9DE4EF}.Release|Any CPU.Build.0 = Release|Any CPU
		{417D9222-31D8-4661-9CBE-C8C0FE9EBD72}.Debug|Any CPU.ActiveCfg = Debug|Any CPU
		{417D9222-31D8-4661-9CBE-C8C0FE9EBD72}.Debug|Any CPU.Build.0 = Debug|Any CPU
		{417D9222-31D8-4661-9CBE-C8C0FE9EBD72}.Release|Any CPU.ActiveCfg = Release|Any CPU
		{417D9222-31D8-4661-9CBE-C8C0FE9EBD72}.Release|Any CPU.Build.0 = Release|Any CPU
		{A2C67450-67DF-41B1-BED7-5D901B14D0A9}.Debug|Any CPU.ActiveCfg = Debug|Any CPU
		{A2C67450-67DF-41B1-BED7-5D901B14D0A9}.Debug|Any CPU.Build.0 = Debug|Any CPU
		{A2C67450-67DF-41B1-BED7-5D901B14D0A9}.Release|Any CPU.ActiveCfg = Release|Any CPU
		{A2C67450-67DF-41B1-BED7-5D901B14D0A9}.Release|Any CPU.Build.0 = Release|Any CPU
		{A8ED1042-45A3-440B-B793-BF907064432B}.Debug|Any CPU.ActiveCfg = Debug|Any CPU
		{A8ED1042-45A3-440B-B793-BF907064432B}.Debug|Any CPU.Build.0 = Debug|Any CPU
		{A8ED1042-45A3-440B-B793-BF907064432B}.Release|Any CPU.ActiveCfg = Release|Any CPU
		{A8ED1042-45A3-440B-B793-BF907064432B}.Release|Any CPU.Build.0 = Release|Any CPU
		{5C13084A-B11D-4F38-BCDD-BA480D74F04C}.Debug|Any CPU.ActiveCfg = Debug|Any CPU
		{5C13084A-B11D-4F38-BCDD-BA480D74F04C}.Debug|Any CPU.Build.0 = Debug|Any CPU
		{5C13084A-B11D-4F38-BCDD-BA480D74F04C}.Release|Any CPU.ActiveCfg = Release|Any CPU
		{5C13084A-B11D-4F38-BCDD-BA480D74F04C}.Release|Any CPU.Build.0 = Release|Any CPU
		{9B02AF62-0573-469A-A555-FD1871CB1DDB}.Debug|Any CPU.ActiveCfg = Debug|Any CPU
		{9B02AF62-0573-469A-A555-FD1871CB1DDB}.Debug|Any CPU.Build.0 = Debug|Any CPU
		{9B02AF62-0573-469A-A555-FD1871CB1DDB}.Release|Any CPU.ActiveCfg = Release|Any CPU
		{9B02AF62-0573-469A-A555-FD1871CB1DDB}.Release|Any CPU.Build.0 = Release|Any CPU
		{EF4997E1-24EA-4497-9986-C833FA85E039}.Debug|Any CPU.ActiveCfg = Debug|Any CPU
		{EF4997E1-24EA-4497-9986-C833FA85E039}.Debug|Any CPU.Build.0 = Debug|Any CPU
		{EF4997E1-24EA-4497-9986-C833FA85E039}.Release|Any CPU.ActiveCfg = Release|Any CPU
		{EF4997E1-24EA-4497-9986-C833FA85E039}.Release|Any CPU.Build.0 = Release|Any CPU
		{1FF2EAAF-3AA0-46FE-A8F6-17067B9E41D8}.Debug|Any CPU.ActiveCfg = Debug|Any CPU
		{1FF2EAAF-3AA0-46FE-A8F6-17067B9E41D8}.Debug|Any CPU.Build.0 = Debug|Any CPU
		{1FF2EAAF-3AA0-46FE-A8F6-17067B9E41D8}.Release|Any CPU.ActiveCfg = Release|Any CPU
		{1FF2EAAF-3AA0-46FE-A8F6-17067B9E41D8}.Release|Any CPU.Build.0 = Release|Any CPU
		{4A8B62F2-5E6C-415D-82E9-3978FC142DAB}.Debug|Any CPU.ActiveCfg = Debug|Any CPU
		{4A8B62F2-5E6C-415D-82E9-3978FC142DAB}.Debug|Any CPU.Build.0 = Debug|Any CPU
		{4A8B62F2-5E6C-415D-82E9-3978FC142DAB}.Release|Any CPU.ActiveCfg = Release|Any CPU
		{4A8B62F2-5E6C-415D-82E9-3978FC142DAB}.Release|Any CPU.Build.0 = Release|Any CPU
		{4FCEAFE0-7E68-4921-A1F2-1B7F108CFC7E}.Debug|Any CPU.ActiveCfg = Debug|Any CPU
		{4FCEAFE0-7E68-4921-A1F2-1B7F108CFC7E}.Debug|Any CPU.Build.0 = Debug|Any CPU
		{4FCEAFE0-7E68-4921-A1F2-1B7F108CFC7E}.Release|Any CPU.ActiveCfg = Release|Any CPU
		{4FCEAFE0-7E68-4921-A1F2-1B7F108CFC7E}.Release|Any CPU.Build.0 = Release|Any CPU
		{7C7295EC-A40E-4DBD-901F-8295FDB7A11F}.Debug|Any CPU.ActiveCfg = Debug|Any CPU
		{7C7295EC-A40E-4DBD-901F-8295FDB7A11F}.Debug|Any CPU.Build.0 = Debug|Any CPU
		{7C7295EC-A40E-4DBD-901F-8295FDB7A11F}.Release|Any CPU.ActiveCfg = Release|Any CPU
		{7C7295EC-A40E-4DBD-901F-8295FDB7A11F}.Release|Any CPU.Build.0 = Release|Any CPU
		{EB362345-EA48-4001-903F-1050FB0074FD}.Debug|Any CPU.ActiveCfg = Debug|Any CPU
		{EB362345-EA48-4001-903F-1050FB0074FD}.Debug|Any CPU.Build.0 = Debug|Any CPU
		{EB362345-EA48-4001-903F-1050FB0074FD}.Release|Any CPU.ActiveCfg = Release|Any CPU
		{EB362345-EA48-4001-903F-1050FB0074FD}.Release|Any CPU.Build.0 = Release|Any CPU
		{6AE29F04-2389-401B-9C02-8D47F032F7C9}.Debug|Any CPU.ActiveCfg = Debug|Any CPU
		{6AE29F04-2389-401B-9C02-8D47F032F7C9}.Debug|Any CPU.Build.0 = Debug|Any CPU
		{6AE29F04-2389-401B-9C02-8D47F032F7C9}.Release|Any CPU.ActiveCfg = Release|Any CPU
		{6AE29F04-2389-401B-9C02-8D47F032F7C9}.Release|Any CPU.Build.0 = Release|Any CPU
		{5966D627-1D6A-4AE0-A799-868C4380516B}.Debug|Any CPU.ActiveCfg = Debug|Any CPU
		{5966D627-1D6A-4AE0-A799-868C4380516B}.Debug|Any CPU.Build.0 = Debug|Any CPU
		{5966D627-1D6A-4AE0-A799-868C4380516B}.Release|Any CPU.ActiveCfg = Release|Any CPU
		{5966D627-1D6A-4AE0-A799-868C4380516B}.Release|Any CPU.Build.0 = Release|Any CPU
	EndGlobalSection
	GlobalSection(NestedProjects) = preSolution
		{01FECEEC-A005-478F-82CE-C8FB9C0C35D2} = {CFC6376F-E563-4688-8E1E-06F0AE515AEA}
		{5DEFFBCB-F460-4338-926A-0CB0A8AD7AD8} = {CFC6376F-E563-4688-8E1E-06F0AE515AEA}
		{D7A795A5-7DD2-4405-B82F-A82E40082260} = {97B1ED46-59C1-4229-B6D1-0B7B7B1A828C}
		{72538783-A0B6-4294-9735-BC0EE7BB56E9} = {97B1ED46-59C1-4229-B6D1-0B7B7B1A828C}
		{37F7BE4E-5029-442C-BF3B-79784B9DE4EF} = {CFC6376F-E563-4688-8E1E-06F0AE515AEA}
		{417D9222-31D8-4661-9CBE-C8C0FE9EBD72} = {97B1ED46-59C1-4229-B6D1-0B7B7B1A828C}
		{A2C67450-67DF-41B1-BED7-5D901B14D0A9} = {97B1ED46-59C1-4229-B6D1-0B7B7B1A828C}
		{A8ED1042-45A3-440B-B793-BF907064432B} = {CFC6376F-E563-4688-8E1E-06F0AE515AEA}
		{5C13084A-B11D-4F38-BCDD-BA480D74F04C} = {97B1ED46-59C1-4229-B6D1-0B7B7B1A828C}
		{9B02AF62-0573-469A-A555-FD1871CB1DDB} = {97B1ED46-59C1-4229-B6D1-0B7B7B1A828C}
		{EF4997E1-24EA-4497-9986-C833FA85E039} = {CFC6376F-E563-4688-8E1E-06F0AE515AEA}
		{1FF2EAAF-3AA0-46FE-A8F6-17067B9E41D8} = {97B1ED46-59C1-4229-B6D1-0B7B7B1A828C}
		{4A8B62F2-5E6C-415D-82E9-3978FC142DAB} = {97B1ED46-59C1-4229-B6D1-0B7B7B1A828C}
		{4FCEAFE0-7E68-4921-A1F2-1B7F108CFC7E} = {CFC6376F-E563-4688-8E1E-06F0AE515AEA}
		{7C7295EC-A40E-4DBD-901F-8295FDB7A11F} = {CFC6376F-E563-4688-8E1E-06F0AE515AEA}
		{EB362345-EA48-4001-903F-1050FB0074FD} = {CFC6376F-E563-4688-8E1E-06F0AE515AEA}
		{6AE29F04-2389-401B-9C02-8D47F032F7C9} = {CFC6376F-E563-4688-8E1E-06F0AE515AEA}
		{5966D627-1D6A-4AE0-A799-868C4380516B} = {CFC6376F-E563-4688-8E1E-06F0AE515AEA}
	EndGlobalSection
EndGlobal
