
Microsoft Visual Studio Solution File, Format Version 12.00
Project("{FAE04EC0-301F-11D3-BF4B-00C04F79EFBC}") = "WebApp", "WebApp\WebApp.csproj", "{01FECEEC-A005-478F-82CE-C8FB9C0C35D2}"
EndProject
Project("{2150E333-8FDC-42A3-9474-1A3956D46DE8}") = "App", "App", "{CFC6376F-E563-4688-8E1E-06F0AE515AEA}"
EndProject
Project("{FAE04EC0-301F-11D3-BF4B-00C04F79EFBC}") = "Domain.App", "Domain.App\Domain.App.csproj", "{5DEFFBCB-F460-4338-926A-0CB0A8AD7AD8}"
EndProject
Project("{FAE04EC0-301F-11D3-BF4B-00C04F79EFBC}") = "DAL.App.EF", "DAL.App.EF\DAL.App.EF.csproj", "{37F7BE4E-5029-442C-BF3B-79784B9DE4EF}"
EndProject
Project("{FAE04EC0-301F-11D3-BF4B-00C04F79EFBC}") = "Contracts.DAL.App", "Contracts.DAL.App\Contracts.DAL.App.csproj", "{A8ED1042-45A3-440B-B793-BF907064432B}"
EndProject
Project("{FAE04EC0-301F-11D3-BF4B-00C04F79EFBC}") = "DTO.App", "DTO.App\DTO.App.csproj", "{EF4997E1-24EA-4497-9986-C833FA85E039}"
EndProject
Project("{FAE04EC0-301F-11D3-BF4B-00C04F79EFBC}") = "Contracts.BLL.App", "Contracts.BLL.App\Contracts.BLL.App.csproj", "{4FCEAFE0-7E68-4921-A1F2-1B7F108CFC7E}"
EndProject
Project("{FAE04EC0-301F-11D3-BF4B-00C04F79EFBC}") = "BLL.App", "BLL.App\BLL.App.csproj", "{7C7295EC-A40E-4DBD-901F-8295FDB7A11F}"
EndProject
Project("{FAE04EC0-301F-11D3-BF4B-00C04F79EFBC}") = "DAL.App.DTO", "DAL.App.DTO\DAL.App.DTO.csproj", "{EB362345-EA48-4001-903F-1050FB0074FD}"
EndProject
Project("{FAE04EC0-301F-11D3-BF4B-00C04F79EFBC}") = "BLL.App.DTO", "BLL.App.DTO\BLL.App.DTO.csproj", "{6AE29F04-2389-401B-9C02-8D47F032F7C9}"
EndProject
Project("{FAE04EC0-301F-11D3-BF4B-00C04F79EFBC}") = "PublicApi.DTO.v1", "PublicApi.DTO.v1\PublicApi.DTO.v1.csproj", "{5966D627-1D6A-4AE0-A799-868C4380516B}"
EndProject
Project("{FAE04EC0-301F-11D3-BF4B-00C04F79EFBC}") = "Resources", "Resources\Resources.csproj", "{6822727A-23AA-40FE-BEE6-366DA3CC3426}"
EndProject
Project("{FAE04EC0-301F-11D3-BF4B-00C04F79EFBC}") = "Base.Resources", "Base.Resources\Base.Resources.csproj", "{48364360-F2AC-408F-AB39-49A414FEDD04}"
EndProject
Project("{FAE04EC0-301F-11D3-BF4B-00C04F79EFBC}") = "BLL.Base", "BLL.Base\BLL.Base.csproj", "{8A8E20A7-16E6-466F-999E-5D8ED9884942}"
EndProject
Project("{FAE04EC0-301F-11D3-BF4B-00C04F79EFBC}") = "Contracts.BLL.Base", "Contracts.BLL.Base\Contracts.BLL.Base.csproj", "{A44AADFC-EFC4-4D2D-BC0D-61B7A38A7A0A}"
EndProject
Project("{FAE04EC0-301F-11D3-BF4B-00C04F79EFBC}") = "Contracts.DAL.Base", "Contracts.DAL.Base\Contracts.DAL.Base.csproj", "{0279B8DC-DF4D-45F2-A4CC-A615BAC8E9B7}"
EndProject
Project("{FAE04EC0-301F-11D3-BF4B-00C04F79EFBC}") = "Contracts.Domain.Base", "Contracts.Domain.Base\Contracts.Domain.Base.csproj", "{9F3FA73F-72F0-4618-8E11-452D16C189AF}"
EndProject
Project("{FAE04EC0-301F-11D3-BF4B-00C04F79EFBC}") = "DAL.Base", "DAL.Base\DAL.Base.csproj", "{64CD5AA0-42DA-4385-B112-B438D7C8A0C4}"
EndProject
Project("{FAE04EC0-301F-11D3-BF4B-00C04F79EFBC}") = "DAL.Base.EF", "DAL.Base.EF\DAL.Base.EF.csproj", "{5A84D8CE-6174-4428-A4D6-57DC3286457E}"
EndProject
Project("{FAE04EC0-301F-11D3-BF4B-00C04F79EFBC}") = "Domain.Base", "Domain.Base\Domain.Base.csproj", "{E781DE33-FF27-44DC-B028-04B7A39D3F72}"
EndProject
Project("{FAE04EC0-301F-11D3-BF4B-00C04F79EFBC}") = "Extensions.Base", "Extensions.Base\Extensions.Base.csproj", "{C190A2B6-A111-4CA6-8A32-7F4BCECDEB5A}"
EndProject
Project("{2150E333-8FDC-42A3-9474-1A3956D46DE8}") = "Base", "Base", "{8D4FE3A9-734F-4BDA-8F4B-120473A64E88}"
EndProject
Project("{2150E333-8FDC-42A3-9474-1A3956D46DE8}") = "Tests", "Tests", "{A0B4A604-278C-4BEA-A10D-8FBE148CEBA4}"
EndProject
Project("{FAE04EC0-301F-11D3-BF4B-00C04F79EFBC}") = "TestProject", "TestProject\TestProject.csproj", "{A316B2FF-F73C-43C6-A4D5-B47954C486BD}"
EndProject
Global
	GlobalSection(SolutionConfigurationPlatforms) = preSolution
		Debug|Any CPU = Debug|Any CPU
		Release|Any CPU = Release|Any CPU
	EndGlobalSection
	GlobalSection(ProjectConfigurationPlatforms) = postSolution
		{01FECEEC-A005-478F-82CE-C8FB9C0C35D2}.Debug|Any CPU.ActiveCfg = Debug|Any CPU
		{01FECEEC-A005-478F-82CE-C8FB9C0C35D2}.Debug|Any CPU.Build.0 = Debug|Any CPU
		{01FECEEC-A005-478F-82CE-C8FB9C0C35D2}.Release|Any CPU.ActiveCfg = Release|Any CPU
		{01FECEEC-A005-478F-82CE-C8FB9C0C35D2}.Release|Any CPU.Build.0 = Release|Any CPU
		{5DEFFBCB-F460-4338-926A-0CB0A8AD7AD8}.Debug|Any CPU.ActiveCfg = Debug|Any CPU
		{5DEFFBCB-F460-4338-926A-0CB0A8AD7AD8}.Debug|Any CPU.Build.0 = Debug|Any CPU
		{5DEFFBCB-F460-4338-926A-0CB0A8AD7AD8}.Release|Any CPU.ActiveCfg = Release|Any CPU
		{5DEFFBCB-F460-4338-926A-0CB0A8AD7AD8}.Release|Any CPU.Build.0 = Release|Any CPU
		{37F7BE4E-5029-442C-BF3B-79784B9DE4EF}.Debug|Any CPU.ActiveCfg = Debug|Any CPU
		{37F7BE4E-5029-442C-BF3B-79784B9DE4EF}.Debug|Any CPU.Build.0 = Debug|Any CPU
		{37F7BE4E-5029-442C-BF3B-79784B9DE4EF}.Release|Any CPU.ActiveCfg = Release|Any CPU
		{37F7BE4E-5029-442C-BF3B-79784B9DE4EF}.Release|Any CPU.Build.0 = Release|Any CPU
		{A8ED1042-45A3-440B-B793-BF907064432B}.Debug|Any CPU.ActiveCfg = Debug|Any CPU
		{A8ED1042-45A3-440B-B793-BF907064432B}.Debug|Any CPU.Build.0 = Debug|Any CPU
		{A8ED1042-45A3-440B-B793-BF907064432B}.Release|Any CPU.ActiveCfg = Release|Any CPU
		{A8ED1042-45A3-440B-B793-BF907064432B}.Release|Any CPU.Build.0 = Release|Any CPU
		{EF4997E1-24EA-4497-9986-C833FA85E039}.Debug|Any CPU.ActiveCfg = Debug|Any CPU
		{EF4997E1-24EA-4497-9986-C833FA85E039}.Debug|Any CPU.Build.0 = Debug|Any CPU
		{EF4997E1-24EA-4497-9986-C833FA85E039}.Release|Any CPU.ActiveCfg = Release|Any CPU
		{EF4997E1-24EA-4497-9986-C833FA85E039}.Release|Any CPU.Build.0 = Release|Any CPU
		{4FCEAFE0-7E68-4921-A1F2-1B7F108CFC7E}.Debug|Any CPU.ActiveCfg = Debug|Any CPU
		{4FCEAFE0-7E68-4921-A1F2-1B7F108CFC7E}.Debug|Any CPU.Build.0 = Debug|Any CPU
		{4FCEAFE0-7E68-4921-A1F2-1B7F108CFC7E}.Release|Any CPU.ActiveCfg = Release|Any CPU
		{4FCEAFE0-7E68-4921-A1F2-1B7F108CFC7E}.Release|Any CPU.Build.0 = Release|Any CPU
		{7C7295EC-A40E-4DBD-901F-8295FDB7A11F}.Debug|Any CPU.ActiveCfg = Debug|Any CPU
		{7C7295EC-A40E-4DBD-901F-8295FDB7A11F}.Debug|Any CPU.Build.0 = Debug|Any CPU
		{7C7295EC-A40E-4DBD-901F-8295FDB7A11F}.Release|Any CPU.ActiveCfg = Release|Any CPU
		{7C7295EC-A40E-4DBD-901F-8295FDB7A11F}.Release|Any CPU.Build.0 = Release|Any CPU
		{EB362345-EA48-4001-903F-1050FB0074FD}.Debug|Any CPU.ActiveCfg = Debug|Any CPU
		{EB362345-EA48-4001-903F-1050FB0074FD}.Debug|Any CPU.Build.0 = Debug|Any CPU
		{EB362345-EA48-4001-903F-1050FB0074FD}.Release|Any CPU.ActiveCfg = Release|Any CPU
		{EB362345-EA48-4001-903F-1050FB0074FD}.Release|Any CPU.Build.0 = Release|Any CPU
		{6AE29F04-2389-401B-9C02-8D47F032F7C9}.Debug|Any CPU.ActiveCfg = Debug|Any CPU
		{6AE29F04-2389-401B-9C02-8D47F032F7C9}.Debug|Any CPU.Build.0 = Debug|Any CPU
		{6AE29F04-2389-401B-9C02-8D47F032F7C9}.Release|Any CPU.ActiveCfg = Release|Any CPU
		{6AE29F04-2389-401B-9C02-8D47F032F7C9}.Release|Any CPU.Build.0 = Release|Any CPU
		{5966D627-1D6A-4AE0-A799-868C4380516B}.Debug|Any CPU.ActiveCfg = Debug|Any CPU
		{5966D627-1D6A-4AE0-A799-868C4380516B}.Debug|Any CPU.Build.0 = Debug|Any CPU
		{5966D627-1D6A-4AE0-A799-868C4380516B}.Release|Any CPU.ActiveCfg = Release|Any CPU
		{5966D627-1D6A-4AE0-A799-868C4380516B}.Release|Any CPU.Build.0 = Release|Any CPU
		{6822727A-23AA-40FE-BEE6-366DA3CC3426}.Debug|Any CPU.ActiveCfg = Debug|Any CPU
		{6822727A-23AA-40FE-BEE6-366DA3CC3426}.Debug|Any CPU.Build.0 = Debug|Any CPU
		{6822727A-23AA-40FE-BEE6-366DA3CC3426}.Release|Any CPU.ActiveCfg = Release|Any CPU
		{6822727A-23AA-40FE-BEE6-366DA3CC3426}.Release|Any CPU.Build.0 = Release|Any CPU
		{48364360-F2AC-408F-AB39-49A414FEDD04}.Debug|Any CPU.ActiveCfg = Debug|Any CPU
		{48364360-F2AC-408F-AB39-49A414FEDD04}.Debug|Any CPU.Build.0 = Debug|Any CPU
		{48364360-F2AC-408F-AB39-49A414FEDD04}.Release|Any CPU.ActiveCfg = Release|Any CPU
		{48364360-F2AC-408F-AB39-49A414FEDD04}.Release|Any CPU.Build.0 = Release|Any CPU
		{8A8E20A7-16E6-466F-999E-5D8ED9884942}.Debug|Any CPU.ActiveCfg = Debug|Any CPU
		{8A8E20A7-16E6-466F-999E-5D8ED9884942}.Debug|Any CPU.Build.0 = Debug|Any CPU
		{8A8E20A7-16E6-466F-999E-5D8ED9884942}.Release|Any CPU.ActiveCfg = Release|Any CPU
		{8A8E20A7-16E6-466F-999E-5D8ED9884942}.Release|Any CPU.Build.0 = Release|Any CPU
		{A44AADFC-EFC4-4D2D-BC0D-61B7A38A7A0A}.Debug|Any CPU.ActiveCfg = Debug|Any CPU
		{A44AADFC-EFC4-4D2D-BC0D-61B7A38A7A0A}.Debug|Any CPU.Build.0 = Debug|Any CPU
		{A44AADFC-EFC4-4D2D-BC0D-61B7A38A7A0A}.Release|Any CPU.ActiveCfg = Release|Any CPU
		{A44AADFC-EFC4-4D2D-BC0D-61B7A38A7A0A}.Release|Any CPU.Build.0 = Release|Any CPU
		{0279B8DC-DF4D-45F2-A4CC-A615BAC8E9B7}.Debug|Any CPU.ActiveCfg = Debug|Any CPU
		{0279B8DC-DF4D-45F2-A4CC-A615BAC8E9B7}.Debug|Any CPU.Build.0 = Debug|Any CPU
		{0279B8DC-DF4D-45F2-A4CC-A615BAC8E9B7}.Release|Any CPU.ActiveCfg = Release|Any CPU
		{0279B8DC-DF4D-45F2-A4CC-A615BAC8E9B7}.Release|Any CPU.Build.0 = Release|Any CPU
		{9F3FA73F-72F0-4618-8E11-452D16C189AF}.Debug|Any CPU.ActiveCfg = Debug|Any CPU
		{9F3FA73F-72F0-4618-8E11-452D16C189AF}.Debug|Any CPU.Build.0 = Debug|Any CPU
		{9F3FA73F-72F0-4618-8E11-452D16C189AF}.Release|Any CPU.ActiveCfg = Release|Any CPU
		{9F3FA73F-72F0-4618-8E11-452D16C189AF}.Release|Any CPU.Build.0 = Release|Any CPU
		{64CD5AA0-42DA-4385-B112-B438D7C8A0C4}.Debug|Any CPU.ActiveCfg = Debug|Any CPU
		{64CD5AA0-42DA-4385-B112-B438D7C8A0C4}.Debug|Any CPU.Build.0 = Debug|Any CPU
		{64CD5AA0-42DA-4385-B112-B438D7C8A0C4}.Release|Any CPU.ActiveCfg = Release|Any CPU
		{64CD5AA0-42DA-4385-B112-B438D7C8A0C4}.Release|Any CPU.Build.0 = Release|Any CPU
		{5A84D8CE-6174-4428-A4D6-57DC3286457E}.Debug|Any CPU.ActiveCfg = Debug|Any CPU
		{5A84D8CE-6174-4428-A4D6-57DC3286457E}.Debug|Any CPU.Build.0 = Debug|Any CPU
		{5A84D8CE-6174-4428-A4D6-57DC3286457E}.Release|Any CPU.ActiveCfg = Release|Any CPU
		{5A84D8CE-6174-4428-A4D6-57DC3286457E}.Release|Any CPU.Build.0 = Release|Any CPU
		{E781DE33-FF27-44DC-B028-04B7A39D3F72}.Debug|Any CPU.ActiveCfg = Debug|Any CPU
		{E781DE33-FF27-44DC-B028-04B7A39D3F72}.Debug|Any CPU.Build.0 = Debug|Any CPU
		{E781DE33-FF27-44DC-B028-04B7A39D3F72}.Release|Any CPU.ActiveCfg = Release|Any CPU
		{E781DE33-FF27-44DC-B028-04B7A39D3F72}.Release|Any CPU.Build.0 = Release|Any CPU
		{C190A2B6-A111-4CA6-8A32-7F4BCECDEB5A}.Debug|Any CPU.ActiveCfg = Debug|Any CPU
		{C190A2B6-A111-4CA6-8A32-7F4BCECDEB5A}.Debug|Any CPU.Build.0 = Debug|Any CPU
		{C190A2B6-A111-4CA6-8A32-7F4BCECDEB5A}.Release|Any CPU.ActiveCfg = Release|Any CPU
		{C190A2B6-A111-4CA6-8A32-7F4BCECDEB5A}.Release|Any CPU.Build.0 = Release|Any CPU
		{A316B2FF-F73C-43C6-A4D5-B47954C486BD}.Debug|Any CPU.ActiveCfg = Debug|Any CPU
		{A316B2FF-F73C-43C6-A4D5-B47954C486BD}.Debug|Any CPU.Build.0 = Debug|Any CPU
		{A316B2FF-F73C-43C6-A4D5-B47954C486BD}.Release|Any CPU.ActiveCfg = Release|Any CPU
		{A316B2FF-F73C-43C6-A4D5-B47954C486BD}.Release|Any CPU.Build.0 = Release|Any CPU
	EndGlobalSection
	GlobalSection(NestedProjects) = preSolution
		{01FECEEC-A005-478F-82CE-C8FB9C0C35D2} = {CFC6376F-E563-4688-8E1E-06F0AE515AEA}
		{5DEFFBCB-F460-4338-926A-0CB0A8AD7AD8} = {CFC6376F-E563-4688-8E1E-06F0AE515AEA}
		{37F7BE4E-5029-442C-BF3B-79784B9DE4EF} = {CFC6376F-E563-4688-8E1E-06F0AE515AEA}
		{A8ED1042-45A3-440B-B793-BF907064432B} = {CFC6376F-E563-4688-8E1E-06F0AE515AEA}
		{EF4997E1-24EA-4497-9986-C833FA85E039} = {CFC6376F-E563-4688-8E1E-06F0AE515AEA}
		{4FCEAFE0-7E68-4921-A1F2-1B7F108CFC7E} = {CFC6376F-E563-4688-8E1E-06F0AE515AEA}
		{7C7295EC-A40E-4DBD-901F-8295FDB7A11F} = {CFC6376F-E563-4688-8E1E-06F0AE515AEA}
		{EB362345-EA48-4001-903F-1050FB0074FD} = {CFC6376F-E563-4688-8E1E-06F0AE515AEA}
		{6AE29F04-2389-401B-9C02-8D47F032F7C9} = {CFC6376F-E563-4688-8E1E-06F0AE515AEA}
		{5966D627-1D6A-4AE0-A799-868C4380516B} = {CFC6376F-E563-4688-8E1E-06F0AE515AEA}
		{6822727A-23AA-40FE-BEE6-366DA3CC3426} = {CFC6376F-E563-4688-8E1E-06F0AE515AEA}
		{C190A2B6-A111-4CA6-8A32-7F4BCECDEB5A} = {8D4FE3A9-734F-4BDA-8F4B-120473A64E88}
		{E781DE33-FF27-44DC-B028-04B7A39D3F72} = {8D4FE3A9-734F-4BDA-8F4B-120473A64E88}
		{5A84D8CE-6174-4428-A4D6-57DC3286457E} = {8D4FE3A9-734F-4BDA-8F4B-120473A64E88}
		{64CD5AA0-42DA-4385-B112-B438D7C8A0C4} = {8D4FE3A9-734F-4BDA-8F4B-120473A64E88}
		{9F3FA73F-72F0-4618-8E11-452D16C189AF} = {8D4FE3A9-734F-4BDA-8F4B-120473A64E88}
		{0279B8DC-DF4D-45F2-A4CC-A615BAC8E9B7} = {8D4FE3A9-734F-4BDA-8F4B-120473A64E88}
		{A44AADFC-EFC4-4D2D-BC0D-61B7A38A7A0A} = {8D4FE3A9-734F-4BDA-8F4B-120473A64E88}
		{8A8E20A7-16E6-466F-999E-5D8ED9884942} = {8D4FE3A9-734F-4BDA-8F4B-120473A64E88}
		{48364360-F2AC-408F-AB39-49A414FEDD04} = {8D4FE3A9-734F-4BDA-8F4B-120473A64E88}
		{A316B2FF-F73C-43C6-A4D5-B47954C486BD} = {A0B4A604-278C-4BEA-A10D-8FBE148CEBA4}
	EndGlobalSection
EndGlobal
